
Microsoft Visual Studio Solution File, Format Version 12.00
# Visual Studio 2013
VisualStudioVersion = 12.0.21005.1
MinimumVisualStudioVersion = 10.0.40219.1
Project("{FAE04EC0-301F-11D3-BF4B-00C04F79EFBC}") = "Presentation", "DemoQLSV\Presentation.csproj", "{315C5D38-12CC-4679-8A8F-065176E77755}"
EndProject
Project("{FAE04EC0-301F-11D3-BF4B-00C04F79EFBC}") = "DataAccess", "DataAccess\DataAccess.csproj", "{878260DA-5B45-487D-AB03-E082E755E3AB}"
EndProject
Project("{FAE04EC0-301F-11D3-BF4B-00C04F79EFBC}") = "BussinessLogic", "BussinessLogic\BussinessLogic.csproj", "{69E91D5F-B8E9-4D0B-9DA6-C94235C4240C}"
EndProject
Global
	GlobalSection(SolutionConfigurationPlatforms) = preSolution
		Debug|Any CPU = Debug|Any CPU
		Release|Any CPU = Release|Any CPU
	EndGlobalSection
	GlobalSection(ProjectConfigurationPlatforms) = postSolution
		{315C5D38-12CC-4679-8A8F-065176E77755}.Debug|Any CPU.ActiveCfg = Debug|Any CPU
		{315C5D38-12CC-4679-8A8F-065176E77755}.Debug|Any CPU.Build.0 = Debug|Any CPU
		{315C5D38-12CC-4679-8A8F-065176E77755}.Release|Any CPU.ActiveCfg = Release|Any CPU
		{315C5D38-12CC-4679-8A8F-065176E77755}.Release|Any CPU.Build.0 = Release|Any CPU
		{878260DA-5B45-487D-AB03-E082E755E3AB}.Debug|Any CPU.ActiveCfg = Debug|Any CPU
		{878260DA-5B45-487D-AB03-E082E755E3AB}.Debug|Any CPU.Build.0 = Debug|Any CPU
		{878260DA-5B45-487D-AB03-E082E755E3AB}.Release|Any CPU.ActiveCfg = Release|Any CPU
		{878260DA-5B45-487D-AB03-E082E755E3AB}.Release|Any CPU.Build.0 = Release|Any CPU
		{69E91D5F-B8E9-4D0B-9DA6-C94235C4240C}.Debug|Any CPU.ActiveCfg = Debug|Any CPU
		{69E91D5F-B8E9-4D0B-9DA6-C94235C4240C}.Debug|Any CPU.Build.0 = Debug|Any CPU
		{69E91D5F-B8E9-4D0B-9DA6-C94235C4240C}.Release|Any CPU.ActiveCfg = Release|Any CPU
		{69E91D5F-B8E9-4D0B-9DA6-C94235C4240C}.Release|Any CPU.Build.0 = Release|Any CPU
	EndGlobalSection
	GlobalSection(SolutionProperties) = preSolution
		HideSolutionNode = FALSE
	EndGlobalSection
EndGlobal
